
Microsoft Visual Studio Solution File, Format Version 12.00
# Visual Studio Version 16
VisualStudioVersion = 16.0.31313.79
MinimumVisualStudioVersion = 10.0.40219.1
Project("{FAE04EC0-301F-11D3-BF4B-00C04F79EFBC}") = "RuralCarMechanicShop", "RuralCarMechanicShop\RuralCarMechanicShop.csproj", "{2A7377DF-2DA6-4BD3-A7D3-5A68550AF685}"
EndProject
Global
	GlobalSection(SolutionConfigurationPlatforms) = preSolution
		Debug|Any CPU = Debug|Any CPU
		Release|Any CPU = Release|Any CPU
	EndGlobalSection
	GlobalSection(ProjectConfigurationPlatforms) = postSolution
		{2A7377DF-2DA6-4BD3-A7D3-5A68550AF685}.Debug|Any CPU.ActiveCfg = Debug|Any CPU
		{2A7377DF-2DA6-4BD3-A7D3-5A68550AF685}.Debug|Any CPU.Build.0 = Debug|Any CPU
		{2A7377DF-2DA6-4BD3-A7D3-5A68550AF685}.Release|Any CPU.ActiveCfg = Release|Any CPU
		{2A7377DF-2DA6-4BD3-A7D3-5A68550AF685}.Release|Any CPU.Build.0 = Release|Any CPU
	EndGlobalSection
	GlobalSection(SolutionProperties) = preSolution
		HideSolutionNode = FALSE
	EndGlobalSection
	GlobalSection(ExtensibilityGlobals) = postSolution
		SolutionGuid = {89256613-6440-4550-BF18-72B0B245DC3A}
	EndGlobalSection
EndGlobal
